PackratFormat: 1.4
PackratVersion: 0.4.7.1
RVersion: 3.3.1
Repos: CRAN=https://cran.rstudio.com, fvd=https://r.binstar.org/fvd

Package: Rcpp
Source: CRAN
Version: 0.12.6
Hash: 79f89fabd832de0a2e60aa05d9027f32

Package: bitops
Source: CRAN
Version: 1.0-6
Hash: 67d0775189fd0041d95abca618c5c07e

Package: digest
Source: CRAN
Version: 0.6.10
Hash: 87165608ca8aeb0958835c3c5b52b6b7

Package: formatR
Source: CRAN
Version: 1.4
Hash: b2a47a2b91737978cf50ba95825a9cd1

Package: highr
Source: CRAN
Version: 0.6
Hash: aa3d5b7912b5fed4b546ed5cd2a1760b

Package: magrittr
Source: CRAN
Version: 1.5
Hash: bdc4d48c3135e8f3b399536ddf160df4

Package: mime
Source: CRAN
Version: 0.5
Hash: 463550cf44fb6f0a2359368f42eebe62

Package: packrat
Source: CRAN
Version: 0.4.7-1
Hash: 16ca16d36eb18d1d16113606ecc5c400

Package: stringi
Source: CRAN
Version: 1.1.1
Hash: 48f2afc5dfecb65ba32a87d38b3533ff

Package: yaml
Source: CRAN
Version: 2.1.13
Hash: 4854ccabebc225e8a7309fb4a74980de
